
Microsoft Visual Studio Solution File, Format Version 12.00
# Visual Studio Version 17
VisualStudioVersion = 17.10.35027.167
MinimumVisualStudioVersion = 10.0.40219.1
Project("{FAE04EC0-301F-11D3-BF4B-00C04F79EFBC}") = "WhilevsDoWhile", "WhilevsDoWhile.csproj", "{20644A83-FF3E-48C2-AFA3-33AD7212743A}"
EndProject
Global
	GlobalSection(SolutionConfigurationPlatforms) = preSolution
		Debug|Any CPU = Debug|Any CPU
		Release|Any CPU = Release|Any CPU
	EndGlobalSection
	GlobalSection(ProjectConfigurationPlatforms) = postSolution
		{20644A83-FF3E-48C2-AFA3-33AD7212743A}.Debug|Any CPU.ActiveCfg = Debug|Any CPU
		{20644A83-FF3E-48C2-AFA3-33AD7212743A}.Debug|Any CPU.Build.0 = Debug|Any CPU
		{20644A83-FF3E-48C2-AFA3-33AD7212743A}.Release|Any CPU.ActiveCfg = Release|Any CPU
		{20644A83-FF3E-48C2-AFA3-33AD7212743A}.Release|Any CPU.Build.0 = Release|Any CPU
	EndGlobalSection
	GlobalSection(SolutionProperties) = preSolution
		HideSolutionNode = FALSE
	EndGlobalSection
	GlobalSection(ExtensibilityGlobals) = postSolution
		SolutionGuid = {9D00D4BC-0697-4C75-966A-20964DA0E15A}
	EndGlobalSection
EndGlobal
